# This file is automatically @generated by Cargo.
# It is not intended for manual editing.
version = 4

[[package]]
name = "backend-api"
version = "0.1.0"

[[package]]
name = "emu-core"
version = "0.1.0"

[[package]]
name = "esp-periph"
version = "0.1.0"
dependencies = [
 "emu-core",
]

[[package]]
name = "esp-soc"
version = "0.1.0"
dependencies = [
 "backend-api",
 "emu-core",
 "esp-periph",
]

[[package]]
name = "esp32s3"
version = "0.1.0"
dependencies = [
 "backend-api",
 "emu-core",
 "esp-periph",
 "esp-soc",
 "xtensa-lx7",
]

[[package]]
name = "wasm-jit-spike"
version = "0.1.0"
dependencies = [
 "backend-api",
 "esp32s3",
 "xtensa-lx7",
]

[[package]]
name = "xtensa-lx7"
version = "0.1.0"
dependencies = [
 "backend-api",
 "emu-core",
]
