# This file is automatically @generated by Cargo.
# It is not intended for manual editing.
version = 4

[[package]]
name = "esp32s3"
version = "0.1.0"
dependencies = [
 "xtensa-lx7",
]

[[package]]
name = "esp32sim"
version = "0.1.0"
dependencies = [
 "esp32s3",
 "xtensa-lx7",
]

[[package]]
name = "xtensa-lx7"
version = "0.1.0"
